
Microsoft Visual Studio Solution File, Format Version 12.00
# Visual Studio 15
VisualStudioVersion = 15.0.27428.2015
MinimumVisualStudioVersion = 10.0.40219.1
Project("{FAE04EC0-301F-11D3-BF4B-00C04F79EFBC}") = "Glossary", "Glossary\Glossary.csproj", "{A4D638FB-82E8-43F0-8927-7EE1F3620658}"
EndProject
Project("{2150E333-8FDC-42A3-9474-1A3956D46DE8}") = "SolutionItems", "SolutionItems", "{D5AE0621-83C7-4005-B655-320AB5BA95A5}"
	ProjectSection(SolutionItems) = preProject
		ReadMe.md = ReadMe.md
	EndProjectSection
EndProject
Global
	GlobalSection(SolutionConfigurationPlatforms) = preSolution
		Debug|Any CPU = Debug|Any CPU
		Release|Any CPU = Release|Any CPU
	EndGlobalSection
	GlobalSection(ProjectConfigurationPlatforms) = postSolution
		{A4D638FB-82E8-43F0-8927-7EE1F3620658}.Debug|Any CPU.ActiveCfg = Debug|Any CPU
		{A4D638FB-82E8-43F0-8927-7EE1F3620658}.Debug|Any CPU.Build.0 = Debug|Any CPU
		{A4D638FB-82E8-43F0-8927-7EE1F3620658}.Release|Any CPU.ActiveCfg = Release|Any CPU
		{A4D638FB-82E8-43F0-8927-7EE1F3620658}.Release|Any CPU.Build.0 = Release|Any CPU
	EndGlobalSection
	GlobalSection(SolutionProperties) = preSolution
		HideSolutionNode = FALSE
	EndGlobalSection
	GlobalSection(ExtensibilityGlobals) = postSolution
		SolutionGuid = {E4E7973D-C719-4D7A-A051-E744B4925A72}
	EndGlobalSection
EndGlobal
